
Microsoft Visual Studio Solution File, Format Version 12.00
# Visual Studio 2012
Project("{FAE04EC0-301F-11D3-BF4B-00C04F79EFBC}") = "Create Patient Democgraphic", "Create Patient Demographic\Create Patient Democgraphic.csproj", "{9C8B0358-822E-48FA-99B6-4A56C7B5DFFF}"
EndProject
Global
	GlobalSection(SolutionConfigurationPlatforms) = preSolution
		Debug|Any CPU = Debug|Any CPU
		Release|Any CPU = Release|Any CPU
	EndGlobalSection
	GlobalSection(ProjectConfigurationPlatforms) = postSolution
		{9C8B0358-822E-48FA-99B6-4A56C7B5DFFF}.Debug|Any CPU.ActiveCfg = Debug|Any CPU
		{9C8B0358-822E-48FA-99B6-4A56C7B5DFFF}.Debug|Any CPU.Build.0 = Debug|Any CPU
		{9C8B0358-822E-48FA-99B6-4A56C7B5DFFF}.Release|Any CPU.ActiveCfg = Release|Any CPU
		{9C8B0358-822E-48FA-99B6-4A56C7B5DFFF}.Release|Any CPU.Build.0 = Release|Any CPU
	EndGlobalSection
	GlobalSection(SolutionProperties) = preSolution
		HideSolutionNode = FALSE
	EndGlobalSection
EndGlobal
